{
  "name": "@krosoft/tooling-eslint-react",
  "version": "0.0.1",
  "lockfileVersion": 3,
  "requires": true,
  "packages": {
    "": {
      "name": "@krosoft/tooling-eslint-react",
      "version": "0.0.1",
      "peerDependencies": {
        "@krosoft/tooling-eslint": "*",
        "eslint": ">=9.0.0",
        "eslint-plugin-react": ">=7.0.0",
        "eslint-plugin-react-hooks": ">=5.0.0",
        "eslint-plugin-react-refresh": ">=0.4.0",
        "typescript-eslint": ">=8.0.0"
      }
    }
  }
}
